
Microsoft Visual Studio Solution File, Format Version 12.00
# Visual Studio 15
VisualStudioVersion = 15.0.28307.329
MinimumVisualStudioVersion = 10.0.40219.1
Project("{2150E333-8FDC-42A3-9474-1A3956D46DE8}") = "1. Presentation", "1. Presentation", "{A9E768C6-0286-42BF-8569-E07CC0AE07B3}"
EndProject
Project("{FAE04EC0-301F-11D3-BF4B-00C04F79EFBC}") = "TB.Web", "TB.Web\TB.Web.csproj", "{DB7655D1-5F6A-4068-B6CA-17A7DF36FFA1}"
EndProject
Project("{FAE04EC0-301F-11D3-BF4B-00C04F79EFBC}") = "TestWeb", "TestWeb\TestWeb.csproj", "{3908C8A0-F1DE-4161-BA6F-1D4A3A7765C3}"
EndProject
Project("{2150E333-8FDC-42A3-9474-1A3956D46DE8}") = "2. Business", "2. Business", "{AE32DEB1-97DE-4966-8449-86F33EE0DBB4}"
EndProject
Project("{2150E333-8FDC-42A3-9474-1A3956D46DE8}") = "3. Domain", "3. Domain", "{565E03F9-059E-4236-837E-5B7B0A344DCD}"
EndProject
Project("{2150E333-8FDC-42A3-9474-1A3956D46DE8}") = "4. Repository", "4. Repository", "{7395704F-3384-4247-9499-7281C93DA701}"
EndProject
Project("{FAE04EC0-301F-11D3-BF4B-00C04F79EFBC}") = "TB.Repository", "TB.Repository\TB.Repository.csproj", "{AE3081AD-D73D-4A77-B441-442BF902F82D}"
EndProject
Project("{FAE04EC0-301F-11D3-BF4B-00C04F79EFBC}") = "TB.Domain", "TB.Domain\TB.Domain.csproj", "{DC98BFF6-7F99-4648-A708-3D8AE8348549}"
EndProject
Project("{FAE04EC0-301F-11D3-BF4B-00C04F79EFBC}") = "TB.Business", "TB.Business\TB.Business.csproj", "{F235D9CF-BD63-4072-B4AA-B044DE4E77CE}"
EndProject
Project("{2150E333-8FDC-42A3-9474-1A3956D46DE8}") = "5. Infrastructure", "5. Infrastructure", "{CE5E6C21-A552-447D-8579-C703533BAF6D}"
EndProject
Project("{2150E333-8FDC-42A3-9474-1A3956D46DE8}") = "6. Cache", "6. Cache", "{267D98BF-694E-445B-BD83-53C65BBB68D0}"
EndProject
Project("{FAE04EC0-301F-11D3-BF4B-00C04F79EFBC}") = "TB.Cache", "TB.Cache\TB.Cache.csproj", "{92142555-4508-4727-9E7A-8190841C33A2}"
EndProject
Global
	GlobalSection(SolutionConfigurationPlatforms) = preSolution
		Debug|Any CPU = Debug|Any CPU
		Release|Any CPU = Release|Any CPU
	EndGlobalSection
	GlobalSection(ProjectConfigurationPlatforms) = postSolution
		{DB7655D1-5F6A-4068-B6CA-17A7DF36FFA1}.Debug|Any CPU.ActiveCfg = Debug|Any CPU
		{DB7655D1-5F6A-4068-B6CA-17A7DF36FFA1}.Debug|Any CPU.Build.0 = Debug|Any CPU
		{DB7655D1-5F6A-4068-B6CA-17A7DF36FFA1}.Release|Any CPU.ActiveCfg = Release|Any CPU
		{DB7655D1-5F6A-4068-B6CA-17A7DF36FFA1}.Release|Any CPU.Build.0 = Release|Any CPU
		{3908C8A0-F1DE-4161-BA6F-1D4A3A7765C3}.Debug|Any CPU.ActiveCfg = Debug|Any CPU
		{3908C8A0-F1DE-4161-BA6F-1D4A3A7765C3}.Debug|Any CPU.Build.0 = Debug|Any CPU
		{3908C8A0-F1DE-4161-BA6F-1D4A3A7765C3}.Release|Any CPU.ActiveCfg = Release|Any CPU
		{3908C8A0-F1DE-4161-BA6F-1D4A3A7765C3}.Release|Any CPU.Build.0 = Release|Any CPU
		{AE3081AD-D73D-4A77-B441-442BF902F82D}.Debug|Any CPU.ActiveCfg = Debug|Any CPU
		{AE3081AD-D73D-4A77-B441-442BF902F82D}.Debug|Any CPU.Build.0 = Debug|Any CPU
		{AE3081AD-D73D-4A77-B441-442BF902F82D}.Release|Any CPU.ActiveCfg = Release|Any CPU
		{AE3081AD-D73D-4A77-B441-442BF902F82D}.Release|Any CPU.Build.0 = Release|Any CPU
		{DC98BFF6-7F99-4648-A708-3D8AE8348549}.Debug|Any CPU.ActiveCfg = Debug|Any CPU
		{DC98BFF6-7F99-4648-A708-3D8AE8348549}.Debug|Any CPU.Build.0 = Debug|Any CPU
		{DC98BFF6-7F99-4648-A708-3D8AE8348549}.Release|Any CPU.ActiveCfg = Release|Any CPU
		{DC98BFF6-7F99-4648-A708-3D8AE8348549}.Release|Any CPU.Build.0 = Release|Any CPU
		{F235D9CF-BD63-4072-B4AA-B044DE4E77CE}.Debug|Any CPU.ActiveCfg = Debug|Any CPU
		{F235D9CF-BD63-4072-B4AA-B044DE4E77CE}.Debug|Any CPU.Build.0 = Debug|Any CPU
		{F235D9CF-BD63-4072-B4AA-B044DE4E77CE}.Release|Any CPU.ActiveCfg = Release|Any CPU
		{F235D9CF-BD63-4072-B4AA-B044DE4E77CE}.Release|Any CPU.Build.0 = Release|Any CPU
		{92142555-4508-4727-9E7A-8190841C33A2}.Debug|Any CPU.ActiveCfg = Debug|Any CPU
		{92142555-4508-4727-9E7A-8190841C33A2}.Debug|Any CPU.Build.0 = Debug|Any CPU
		{92142555-4508-4727-9E7A-8190841C33A2}.Release|Any CPU.ActiveCfg = Release|Any CPU
		{92142555-4508-4727-9E7A-8190841C33A2}.Release|Any CPU.Build.0 = Release|Any CPU
	EndGlobalSection
	GlobalSection(SolutionProperties) = preSolution
		HideSolutionNode = FALSE
	EndGlobalSection
	GlobalSection(NestedProjects) = preSolution
		{DB7655D1-5F6A-4068-B6CA-17A7DF36FFA1} = {A9E768C6-0286-42BF-8569-E07CC0AE07B3}
		{3908C8A0-F1DE-4161-BA6F-1D4A3A7765C3} = {A9E768C6-0286-42BF-8569-E07CC0AE07B3}
		{AE3081AD-D73D-4A77-B441-442BF902F82D} = {7395704F-3384-4247-9499-7281C93DA701}
		{DC98BFF6-7F99-4648-A708-3D8AE8348549} = {565E03F9-059E-4236-837E-5B7B0A344DCD}
		{F235D9CF-BD63-4072-B4AA-B044DE4E77CE} = {AE32DEB1-97DE-4966-8449-86F33EE0DBB4}
		{92142555-4508-4727-9E7A-8190841C33A2} = {267D98BF-694E-445B-BD83-53C65BBB68D0}
	EndGlobalSection
	GlobalSection(ExtensibilityGlobals) = postSolution
		SolutionGuid = {706BF546-1F55-4EE4-B3C0-6F2569A14935}
	EndGlobalSection
EndGlobal
